
Microsoft Visual Studio Solution File, Format Version 12.00
# Visual Studio Version 16
VisualStudioVersion = 16.0.30114.105
MinimumVisualStudioVersion = 10.0.40219.1
Project("{FAE04EC0-301F-11D3-BF4B-00C04F79EFBC}") = "ExamplePOO", "ExamplePOO\ExamplePOO.csproj", "{4E7B3A57-3BC0-4101-8DA8-629CD6D8EAA3}"
EndProject
Project("{FAE04EC0-301F-11D3-BF4B-00C04F79EFBC}") = "ExamplePOO", "ExamplePOO.csproj", "{342B6B00-C983-4DD1-ADCC-B188A8DD5D39}"
EndProject
Global
	GlobalSection(SolutionConfigurationPlatforms) = preSolution
		Debug|Any CPU = Debug|Any CPU
		Release|Any CPU = Release|Any CPU
	EndGlobalSection
	GlobalSection(SolutionProperties) = preSolution
		HideSolutionNode = FALSE
	EndGlobalSection
	GlobalSection(ProjectConfigurationPlatforms) = postSolution
		{4E7B3A57-3BC0-4101-8DA8-629CD6D8EAA3}.Debug|Any CPU.ActiveCfg = Debug|Any CPU
		{4E7B3A57-3BC0-4101-8DA8-629CD6D8EAA3}.Debug|Any CPU.Build.0 = Debug|Any CPU
		{4E7B3A57-3BC0-4101-8DA8-629CD6D8EAA3}.Release|Any CPU.ActiveCfg = Release|Any CPU
		{4E7B3A57-3BC0-4101-8DA8-629CD6D8EAA3}.Release|Any CPU.Build.0 = Release|Any CPU
		{342B6B00-C983-4DD1-ADCC-B188A8DD5D39}.Debug|Any CPU.ActiveCfg = Debug|Any CPU
		{342B6B00-C983-4DD1-ADCC-B188A8DD5D39}.Debug|Any CPU.Build.0 = Debug|Any CPU
		{342B6B00-C983-4DD1-ADCC-B188A8DD5D39}.Release|Any CPU.ActiveCfg = Release|Any CPU
		{342B6B00-C983-4DD1-ADCC-B188A8DD5D39}.Release|Any CPU.Build.0 = Release|Any CPU
	EndGlobalSection
EndGlobal
