
Microsoft Visual Studio Solution File, Format Version 12.00
# Visual Studio Version 17
VisualStudioVersion = 17.0.32112.339
MinimumVisualStudioVersion = 10.0.40219.1
Project("{FAE04EC0-301F-11D3-BF4B-00C04F79EFBC}") = "LocalizaFrota", "LocalizaFrota\LocalizaFrota.csproj", "{B9590247-5047-42BC-8BE6-B160C8D49C48}"
EndProject
Global
	GlobalSection(SolutionConfigurationPlatforms) = preSolution
		Debug|Any CPU = Debug|Any CPU
		Release|Any CPU = Release|Any CPU
	EndGlobalSection
	GlobalSection(ProjectConfigurationPlatforms) = postSolution
		{B9590247-5047-42BC-8BE6-B160C8D49C48}.Debug|Any CPU.ActiveCfg = Debug|Any CPU
		{B9590247-5047-42BC-8BE6-B160C8D49C48}.Debug|Any CPU.Build.0 = Debug|Any CPU
		{B9590247-5047-42BC-8BE6-B160C8D49C48}.Release|Any CPU.ActiveCfg = Release|Any CPU
		{B9590247-5047-42BC-8BE6-B160C8D49C48}.Release|Any CPU.Build.0 = Release|Any CPU
	EndGlobalSection
	GlobalSection(SolutionProperties) = preSolution
		HideSolutionNode = FALSE
	EndGlobalSection
	GlobalSection(ExtensibilityGlobals) = postSolution
		SolutionGuid = {88BAD0C6-67B8-46FC-B7C5-F386108C709C}
	EndGlobalSection
EndGlobal
